
Microsoft Visual Studio Solution File, Format Version 12.00
# Visual Studio Version 17
VisualStudioVersion = 17.10.35013.160
MinimumVisualStudioVersion = 10.0.40219.1
Project("{FAE04EC0-301F-11D3-BF4B-00C04F79EFBC}") = "BookingUpForBeauty", "BookingUpForBeauty\BookingUpForBeauty.csproj", "{8235E412-6A24-4AE0-B185-3BF2FFA55CC6}"
EndProject
Global
	GlobalSection(SolutionConfigurationPlatforms) = preSolution
		Debug|Any CPU = Debug|Any CPU
		Release|Any CPU = Release|Any CPU
	EndGlobalSection
	GlobalSection(ProjectConfigurationPlatforms) = postSolution
		{8235E412-6A24-4AE0-B185-3BF2FFA55CC6}.Debug|Any CPU.ActiveCfg = Debug|Any CPU
		{8235E412-6A24-4AE0-B185-3BF2FFA55CC6}.Debug|Any CPU.Build.0 = Debug|Any CPU
		{8235E412-6A24-4AE0-B185-3BF2FFA55CC6}.Release|Any CPU.ActiveCfg = Release|Any CPU
		{8235E412-6A24-4AE0-B185-3BF2FFA55CC6}.Release|Any CPU.Build.0 = Release|Any CPU
	EndGlobalSection
	GlobalSection(SolutionProperties) = preSolution
		HideSolutionNode = FALSE
	EndGlobalSection
	GlobalSection(ExtensibilityGlobals) = postSolution
		SolutionGuid = {3EF49C90-DFE9-4F22-9BF1-722EE6985DE5}
	EndGlobalSection
EndGlobal
